
Microsoft Visual Studio Solution File, Format Version 12.00
# Visual Studio Version 17
VisualStudioVersion = 17.12.35527.113
MinimumVisualStudioVersion = 10.0.40219.1
Project("{2150E333-8FDC-42A3-9474-1A3956D46DE8}") = "Adapter", "Adapter", "{A6081A58-BB22-40F5-AB8F-227E0DED8EDE}"
EndProject
Project("{8BC9CEB8-8B4A-11D0-8D11-00A0C91BC942}") = "Ducks", "Adapter\Ducks\Ducks.vcxproj", "{F3F100E1-096F-48DF-A0C6-DCE1C8FABD4E}"
EndProject
Project("{2150E333-8FDC-42A3-9474-1A3956D46DE8}") = "Bridge", "Bridge", "{44730EB6-AFC7-4087-A3FC-B22FE6D0C7B4}"
EndProject
Project("{8BC9CEB8-8B4A-11D0-8D11-00A0C91BC942}") = "Remotes", "Bridge\Remotes\Remotes.vcxproj", "{CC5CBD0A-40C6-42E5-ADE9-685FF8EAE914}"
EndProject
Project("{2150E333-8FDC-42A3-9474-1A3956D46DE8}") = "Builder", "Builder", "{35178468-BA52-4A0F-AE64-F4815A0C8F44}"
EndProject
Project("{8BC9CEB8-8B4A-11D0-8D11-00A0C91BC942}") = "Planner", "Builder\Planner\Planner.vcxproj", "{67EA60DE-C0B3-4CFC-BB41-8A69E15AEAF1}"
EndProject
Project("{2150E333-8FDC-42A3-9474-1A3956D46DE8}") = "ChainOfResponsibility", "ChainOfResponsibility", "{79EB4A0C-AF86-47CB-9E79-2158E1B00CEE}"
EndProject
Project("{8BC9CEB8-8B4A-11D0-8D11-00A0C91BC942}") = "GumballEMailHandler", "ChainOfResponsibility\GumballEMailHandler\GumballEMailHandler.vcxproj", "{F8F3FA3A-1C4A-4876-8062-97A7F727E89A}"
EndProject
Project("{2150E333-8FDC-42A3-9474-1A3956D46DE8}") = "Command", "Command", "{579A6E38-B489-4DE3-9607-2ED853A8484B}"
EndProject
Project("{8BC9CEB8-8B4A-11D0-8D11-00A0C91BC942}") = "Remote", "Command\Remote\Remote.vcxproj", "{A8A50AAA-0575-4208-8906-9A51F871F7FE}"
EndProject
Project("{8BC9CEB8-8B4A-11D0-8D11-00A0C91BC942}") = "SimpleRemote", "Command\SimpleRemote\SimpleRemote.vcxproj", "{320E7489-DFD2-4BFF-A838-987E03EBF87E}"
EndProject
Project("{8BC9CEB8-8B4A-11D0-8D11-00A0C91BC942}") = "Undo", "Command\Undo\Undo.vcxproj", "{A52666B2-8685-4F6E-8CD0-2F7585C29A5E}"
EndProject
Project("{2150E333-8FDC-42A3-9474-1A3956D46DE8}") = "Composite", "Composite", "{277AACCF-5F00-476B-AAC8-1FE334B0C80B}"
EndProject
Project("{8BC9CEB8-8B4A-11D0-8D11-00A0C91BC942}") = "Menus", "Composite\Menus\Menus.vcxproj", "{5F56DDBF-0560-4AD8-8DF5-CE2070860B36}"
EndProject
Project("{2150E333-8FDC-42A3-9474-1A3956D46DE8}") = "Decorator", "Decorator", "{CF4BCA4E-92E9-40AE-9C6D-A5A14BB98E20}"
EndProject
Project("{8BC9CEB8-8B4A-11D0-8D11-00A0C91BC942}") = "Starbuzz", "Decorator\Starbuzz\Starbuzz.vcxproj", "{E3193C19-7734-4E9B-8D35-6A5354E7343E}"
EndProject
Global
	GlobalSection(SolutionConfigurationPlatforms) = preSolution
		Debug|x64 = Debug|x64
		Debug|x86 = Debug|x86
		Release|x64 = Release|x64
		Release|x86 = Release|x86
	EndGlobalSection
	GlobalSection(ProjectConfigurationPlatforms) = postSolution
		{F3F100E1-096F-48DF-A0C6-DCE1C8FABD4E}.Debug|x64.ActiveCfg = Debug|x64
		{F3F100E1-096F-48DF-A0C6-DCE1C8FABD4E}.Debug|x64.Build.0 = Debug|x64
		{F3F100E1-096F-48DF-A0C6-DCE1C8FABD4E}.Debug|x86.ActiveCfg = Debug|Win32
		{F3F100E1-096F-48DF-A0C6-DCE1C8FABD4E}.Debug|x86.Build.0 = Debug|Win32
		{F3F100E1-096F-48DF-A0C6-DCE1C8FABD4E}.Release|x64.ActiveCfg = Release|x64
		{F3F100E1-096F-48DF-A0C6-DCE1C8FABD4E}.Release|x64.Build.0 = Release|x64
		{F3F100E1-096F-48DF-A0C6-DCE1C8FABD4E}.Release|x86.ActiveCfg = Release|Win32
		{F3F100E1-096F-48DF-A0C6-DCE1C8FABD4E}.Release|x86.Build.0 = Release|Win32
		{CC5CBD0A-40C6-42E5-ADE9-685FF8EAE914}.Debug|x64.ActiveCfg = Debug|x64
		{CC5CBD0A-40C6-42E5-ADE9-685FF8EAE914}.Debug|x64.Build.0 = Debug|x64
		{CC5CBD0A-40C6-42E5-ADE9-685FF8EAE914}.Debug|x86.ActiveCfg = Debug|Win32
		{CC5CBD0A-40C6-42E5-ADE9-685FF8EAE914}.Debug|x86.Build.0 = Debug|Win32
		{CC5CBD0A-40C6-42E5-ADE9-685FF8EAE914}.Release|x64.ActiveCfg = Release|x64
		{CC5CBD0A-40C6-42E5-ADE9-685FF8EAE914}.Release|x64.Build.0 = Release|x64
		{CC5CBD0A-40C6-42E5-ADE9-685FF8EAE914}.Release|x86.ActiveCfg = Release|Win32
		{CC5CBD0A-40C6-42E5-ADE9-685FF8EAE914}.Release|x86.Build.0 = Release|Win32
		{67EA60DE-C0B3-4CFC-BB41-8A69E15AEAF1}.Debug|x64.ActiveCfg = Debug|x64
		{67EA60DE-C0B3-4CFC-BB41-8A69E15AEAF1}.Debug|x64.Build.0 = Debug|x64
		{67EA60DE-C0B3-4CFC-BB41-8A69E15AEAF1}.Debug|x86.ActiveCfg = Debug|Win32
		{67EA60DE-C0B3-4CFC-BB41-8A69E15AEAF1}.Debug|x86.Build.0 = Debug|Win32
		{67EA60DE-C0B3-4CFC-BB41-8A69E15AEAF1}.Release|x64.ActiveCfg = Release|x64
		{67EA60DE-C0B3-4CFC-BB41-8A69E15AEAF1}.Release|x64.Build.0 = Release|x64
		{67EA60DE-C0B3-4CFC-BB41-8A69E15AEAF1}.Release|x86.ActiveCfg = Release|Win32
		{67EA60DE-C0B3-4CFC-BB41-8A69E15AEAF1}.Release|x86.Build.0 = Release|Win32
		{F8F3FA3A-1C4A-4876-8062-97A7F727E89A}.Debug|x64.ActiveCfg = Debug|x64
		{F8F3FA3A-1C4A-4876-8062-97A7F727E89A}.Debug|x64.Build.0 = Debug|x64
		{F8F3FA3A-1C4A-4876-8062-97A7F727E89A}.Debug|x86.ActiveCfg = Debug|Win32
		{F8F3FA3A-1C4A-4876-8062-97A7F727E89A}.Debug|x86.Build.0 = Debug|Win32
		{F8F3FA3A-1C4A-4876-8062-97A7F727E89A}.Release|x64.ActiveCfg = Release|x64
		{F8F3FA3A-1C4A-4876-8062-97A7F727E89A}.Release|x64.Build.0 = Release|x64
		{F8F3FA3A-1C4A-4876-8062-97A7F727E89A}.Release|x86.ActiveCfg = Release|Win32
		{F8F3FA3A-1C4A-4876-8062-97A7F727E89A}.Release|x86.Build.0 = Release|Win32
		{A8A50AAA-0575-4208-8906-9A51F871F7FE}.Debug|x64.ActiveCfg = Debug|x64
		{A8A50AAA-0575-4208-8906-9A51F871F7FE}.Debug|x64.Build.0 = Debug|x64
		{A8A50AAA-0575-4208-8906-9A51F871F7FE}.Debug|x86.ActiveCfg = Debug|Win32
		{A8A50AAA-0575-4208-8906-9A51F871F7FE}.Debug|x86.Build.0 = Debug|Win32
		{A8A50AAA-0575-4208-8906-9A51F871F7FE}.Release|x64.ActiveCfg = Release|x64
		{A8A50AAA-0575-4208-8906-9A51F871F7FE}.Release|x64.Build.0 = Release|x64
		{A8A50AAA-0575-4208-8906-9A51F871F7FE}.Release|x86.ActiveCfg = Release|Win32
		{A8A50AAA-0575-4208-8906-9A51F871F7FE}.Release|x86.Build.0 = Release|Win32
		{320E7489-DFD2-4BFF-A838-987E03EBF87E}.Debug|x64.ActiveCfg = Debug|x64
		{320E7489-DFD2-4BFF-A838-987E03EBF87E}.Debug|x64.Build.0 = Debug|x64
		{320E7489-DFD2-4BFF-A838-987E03EBF87E}.Debug|x86.ActiveCfg = Debug|Win32
		{320E7489-DFD2-4BFF-A838-987E03EBF87E}.Debug|x86.Build.0 = Debug|Win32
		{320E7489-DFD2-4BFF-A838-987E03EBF87E}.Release|x64.ActiveCfg = Release|x64
		{320E7489-DFD2-4BFF-A838-987E03EBF87E}.Release|x64.Build.0 = Release|x64
		{320E7489-DFD2-4BFF-A838-987E03EBF87E}.Release|x86.ActiveCfg = Release|Win32
		{320E7489-DFD2-4BFF-A838-987E03EBF87E}.Release|x86.Build.0 = Release|Win32
		{A52666B2-8685-4F6E-8CD0-2F7585C29A5E}.Debug|x64.ActiveCfg = Debug|x64
		{A52666B2-8685-4F6E-8CD0-2F7585C29A5E}.Debug|x64.Build.0 = Debug|x64
		{A52666B2-8685-4F6E-8CD0-2F7585C29A5E}.Debug|x86.ActiveCfg = Debug|Win32
		{A52666B2-8685-4F6E-8CD0-2F7585C29A5E}.Debug|x86.Build.0 = Debug|Win32
		{A52666B2-8685-4F6E-8CD0-2F7585C29A5E}.Release|x64.ActiveCfg = Release|x64
		{A52666B2-8685-4F6E-8CD0-2F7585C29A5E}.Release|x64.Build.0 = Release|x64
		{A52666B2-8685-4F6E-8CD0-2F7585C29A5E}.Release|x86.ActiveCfg = Release|Win32
		{A52666B2-8685-4F6E-8CD0-2F7585C29A5E}.Release|x86.Build.0 = Release|Win32
		{5F56DDBF-0560-4AD8-8DF5-CE2070860B36}.Debug|x64.ActiveCfg = Debug|x64
		{5F56DDBF-0560-4AD8-8DF5-CE2070860B36}.Debug|x64.Build.0 = Debug|x64
		{5F56DDBF-0560-4AD8-8DF5-CE2070860B36}.Debug|x86.ActiveCfg = Debug|Win32
		{5F56DDBF-0560-4AD8-8DF5-CE2070860B36}.Debug|x86.Build.0 = Debug|Win32
		{5F56DDBF-0560-4AD8-8DF5-CE2070860B36}.Release|x64.ActiveCfg = Release|x64
		{5F56DDBF-0560-4AD8-8DF5-CE2070860B36}.Release|x64.Build.0 = Release|x64
		{5F56DDBF-0560-4AD8-8DF5-CE2070860B36}.Release|x86.ActiveCfg = Release|Win32
		{5F56DDBF-0560-4AD8-8DF5-CE2070860B36}.Release|x86.Build.0 = Release|Win32
		{E3193C19-7734-4E9B-8D35-6A5354E7343E}.Debug|x64.ActiveCfg = Debug|x64
		{E3193C19-7734-4E9B-8D35-6A5354E7343E}.Debug|x64.Build.0 = Debug|x64
		{E3193C19-7734-4E9B-8D35-6A5354E7343E}.Debug|x86.ActiveCfg = Debug|Win32
		{E3193C19-7734-4E9B-8D35-6A5354E7343E}.Debug|x86.Build.0 = Debug|Win32
		{E3193C19-7734-4E9B-8D35-6A5354E7343E}.Release|x64.ActiveCfg = Release|x64
		{E3193C19-7734-4E9B-8D35-6A5354E7343E}.Release|x64.Build.0 = Release|x64
		{E3193C19-7734-4E9B-8D35-6A5354E7343E}.Release|x86.ActiveCfg = Release|Win32
		{E3193C19-7734-4E9B-8D35-6A5354E7343E}.Release|x86.Build.0 = Release|Win32
	EndGlobalSection
	GlobalSection(SolutionProperties) = preSolution
		HideSolutionNode = FALSE
	EndGlobalSection
	GlobalSection(NestedProjects) = preSolution
		{F3F100E1-096F-48DF-A0C6-DCE1C8FABD4E} = {A6081A58-BB22-40F5-AB8F-227E0DED8EDE}
		{CC5CBD0A-40C6-42E5-ADE9-685FF8EAE914} = {44730EB6-AFC7-4087-A3FC-B22FE6D0C7B4}
		{67EA60DE-C0B3-4CFC-BB41-8A69E15AEAF1} = {35178468-BA52-4A0F-AE64-F4815A0C8F44}
		{F8F3FA3A-1C4A-4876-8062-97A7F727E89A} = {79EB4A0C-AF86-47CB-9E79-2158E1B00CEE}
		{A8A50AAA-0575-4208-8906-9A51F871F7FE} = {579A6E38-B489-4DE3-9607-2ED853A8484B}
		{320E7489-DFD2-4BFF-A838-987E03EBF87E} = {579A6E38-B489-4DE3-9607-2ED853A8484B}
		{A52666B2-8685-4F6E-8CD0-2F7585C29A5E} = {579A6E38-B489-4DE3-9607-2ED853A8484B}
		{5F56DDBF-0560-4AD8-8DF5-CE2070860B36} = {277AACCF-5F00-476B-AAC8-1FE334B0C80B}
		{E3193C19-7734-4E9B-8D35-6A5354E7343E} = {CF4BCA4E-92E9-40AE-9C6D-A5A14BB98E20}
	EndGlobalSection
EndGlobal
