<?xml version="1.0" encoding="utf-8"?>
<Project ToolsVersion="4.0" xmlns="http://schemas.microsoft.com/developer/msbuild/2003">
  <ItemGroup>
    <Filter Include="源文件">
      <UniqueIdentifier>{4FC737F1-C7A5-4376-A066-2A32D752A2FF}</UniqueIdentifier>
      <Extensions>cpp;c;cc;cxx;c++;cppm;ixx;def;odl;idl;hpj;bat;asm;asmx</Extensions>
    </Filter>
    <Filter Include="头文件">
      <UniqueIdentifier>{93995380-89BD-4b04-88EB-625FBE52EBFB}</UniqueIdentifier>
      <Extensions>h;hh;hpp;hxx;h++;hm;inl;inc;ipp;xsd</Extensions>
    </Filter>
    <Filter Include="资源文件">
      <UniqueIdentifier>{67DA6AB6-F800-4c08-8B7A-83BB121AAD01}</UniqueIdentifier>
      <Extensions>rc;ico;cur;bmp;dlg;rc2;rct;bin;rgs;gif;jpg;jpeg;jpe;resx;tiff;tif;png;wav;mfcribbon-ms</Extensions>
    </Filter>
  </ItemGroup>
  <ItemGroup>
    <ClCompile Include="Pizzaaf.cpp">
      <Filter>源文件</Filter>
    </ClCompile>
  </ItemGroup>
  <ItemGroup>
    <ClInclude Include="BlackOlives.hpp">
      <Filter>头文件</Filter>
    </ClInclude>
    <ClInclude Include="Cheese.hpp">
      <Filter>头文件</Filter>
    </ClInclude>
    <ClInclude Include="CheesePizza.hpp">
      <Filter>头文件</Filter>
    </ClInclude>
    <ClInclude Include="ChicagoPizzaIngredientFactory.hpp">
      <Filter>头文件</Filter>
    </ClInclude>
    <ClInclude Include="ChicagoPizzaStore.hpp">
      <Filter>头文件</Filter>
    </ClInclude>
    <ClInclude Include="ClamPizza.hpp">
      <Filter>头文件</Filter>
    </ClInclude>
    <ClInclude Include="Clams.hpp">
      <Filter>头文件</Filter>
    </ClInclude>
    <ClInclude Include="Dough.hpp">
      <Filter>头文件</Filter>
    </ClInclude>
    <ClInclude Include="EggPlant.hpp">
      <Filter>头文件</Filter>
    </ClInclude>
    <ClInclude Include="FreshClams.hpp">
      <Filter>头文件</Filter>
    </ClInclude>
    <ClInclude Include="FrozenClams.hpp">
      <Filter>头文件</Filter>
    </ClInclude>
    <ClInclude Include="Garlic.hpp">
      <Filter>头文件</Filter>
    </ClInclude>
    <ClInclude Include="MarinaraSauce.hpp">
      <Filter>头文件</Filter>
    </ClInclude>
    <ClInclude Include="MozzarellaCheese.hpp">
      <Filter>头文件</Filter>
    </ClInclude>
    <ClInclude Include="Mushroom.hpp">
      <Filter>头文件</Filter>
    </ClInclude>
    <ClInclude Include="NYPizzaIngredientFactory.hpp">
      <Filter>头文件</Filter>
    </ClInclude>
    <ClInclude Include="NYPizzaStore.hpp">
      <Filter>头文件</Filter>
    </ClInclude>
    <ClInclude Include="Onion.hpp">
      <Filter>头文件</Filter>
    </ClInclude>
    <ClInclude Include="ParmesanCheese.hpp">
      <Filter>头文件</Filter>
    </ClInclude>
    <ClInclude Include="Pepperoni.hpp">
      <Filter>头文件</Filter>
    </ClInclude>
    <ClInclude Include="PepperoniPizza.hpp">
      <Filter>头文件</Filter>
    </ClInclude>
    <ClInclude Include="Pizza.hpp">
      <Filter>头文件</Filter>
    </ClInclude>
    <ClInclude Include="Pizzaaf.hpp">
      <Filter>头文件</Filter>
    </ClInclude>
    <ClInclude Include="PizzaIngredientFactory.hpp">
      <Filter>头文件</Filter>
    </ClInclude>
    <ClInclude Include="PizzaStore.hpp">
      <Filter>头文件</Filter>
    </ClInclude>
    <ClInclude Include="PlumTomatoSauce.hpp">
      <Filter>头文件</Filter>
    </ClInclude>
    <ClInclude Include="RedPepper.hpp">
      <Filter>头文件</Filter>
    </ClInclude>
    <ClInclude Include="ReggianoCheese.hpp">
      <Filter>头文件</Filter>
    </ClInclude>
    <ClInclude Include="Sauce.hpp">
      <Filter>头文件</Filter>
    </ClInclude>
    <ClInclude Include="SlicedPepperoni.hpp">
      <Filter>头文件</Filter>
    </ClInclude>
    <ClInclude Include="Spinach.hpp">
      <Filter>头文件</Filter>
    </ClInclude>
    <ClInclude Include="ThickCrustDough.hpp">
      <Filter>头文件</Filter>
    </ClInclude>
    <ClInclude Include="ThinCrustDough.hpp">
      <Filter>头文件</Filter>
    </ClInclude>
    <ClInclude Include="VeggiePizza.hpp">
      <Filter>头文件</Filter>
    </ClInclude>
    <ClInclude Include="Veggies.hpp">
      <Filter>头文件</Filter>
    </ClInclude>
    <ClInclude Include="Traits.hpp">
      <Filter>头文件</Filter>
    </ClInclude>
  </ItemGroup>
</Project>