<?xml version="1.0" encoding="utf-8"?>
<Project ToolsVersion="4.0" xmlns="http://schemas.microsoft.com/developer/msbuild/2003">
  <ItemGroup>
    <Filter Include="源文件">
      <UniqueIdentifier>{4FC737F1-C7A5-4376-A066-2A32D752A2FF}</UniqueIdentifier>
      <Extensions>cpp;c;cc;cxx;c++;cppm;ixx;def;odl;idl;hpj;bat;asm;asmx</Extensions>
    </Filter>
    <Filter Include="头文件">
      <UniqueIdentifier>{93995380-89BD-4b04-88EB-625FBE52EBFB}</UniqueIdentifier>
      <Extensions>h;hh;hpp;hxx;h++;hm;inl;inc;ipp;xsd</Extensions>
    </Filter>
    <Filter Include="资源文件">
      <UniqueIdentifier>{67DA6AB6-F800-4c08-8B7A-83BB121AAD01}</UniqueIdentifier>
      <Extensions>rc;ico;cur;bmp;dlg;rc2;rct;bin;rgs;gif;jpg;jpeg;jpe;resx;tiff;tif;png;wav;mfcribbon-ms</Extensions>
    </Filter>
  </ItemGroup>
  <ItemGroup>
    <ClCompile Include="Remote.cpp">
      <Filter>源文件</Filter>
    </ClCompile>
  </ItemGroup>
  <ItemGroup>
    <ClInclude Include="CeilingFan.hpp">
      <Filter>头文件</Filter>
    </ClInclude>
    <ClInclude Include="CeilingFanOffCommand.hpp">
      <Filter>头文件</Filter>
    </ClInclude>
    <ClInclude Include="CeilingFanOnCommand.hpp">
      <Filter>头文件</Filter>
    </ClInclude>
    <ClInclude Include="Command.hpp">
      <Filter>头文件</Filter>
    </ClInclude>
    <ClInclude Include="GarageDoor.hpp">
      <Filter>头文件</Filter>
    </ClInclude>
    <ClInclude Include="GarageDoorDownCommand.hpp">
      <Filter>头文件</Filter>
    </ClInclude>
    <ClInclude Include="GarageDoorUpCommand.hpp">
      <Filter>头文件</Filter>
    </ClInclude>
    <ClInclude Include="Hottub.hpp">
      <Filter>头文件</Filter>
    </ClInclude>
    <ClInclude Include="HottubOffCommand.hpp">
      <Filter>头文件</Filter>
    </ClInclude>
    <ClInclude Include="HottubOnCommand.hpp">
      <Filter>头文件</Filter>
    </ClInclude>
    <ClInclude Include="Light.hpp">
      <Filter>头文件</Filter>
    </ClInclude>
    <ClInclude Include="LightOffCommand.hpp">
      <Filter>头文件</Filter>
    </ClInclude>
    <ClInclude Include="LightOnCommand.hpp">
      <Filter>头文件</Filter>
    </ClInclude>
    <ClInclude Include="LivingroomLightOffCommand.hpp">
      <Filter>头文件</Filter>
    </ClInclude>
    <ClInclude Include="LivingroomLightOnCommand.hpp">
      <Filter>头文件</Filter>
    </ClInclude>
    <ClInclude Include="NoCommand.hpp">
      <Filter>头文件</Filter>
    </ClInclude>
    <ClInclude Include="Remote.hpp">
      <Filter>头文件</Filter>
    </ClInclude>
    <ClInclude Include="RemoteControl.hpp">
      <Filter>头文件</Filter>
    </ClInclude>
    <ClInclude Include="Stereo.hpp">
      <Filter>头文件</Filter>
    </ClInclude>
    <ClInclude Include="StereoOffCommand.hpp">
      <Filter>头文件</Filter>
    </ClInclude>
    <ClInclude Include="StereoOnWithCDCommand.hpp">
      <Filter>头文件</Filter>
    </ClInclude>
    <ClInclude Include="Traits.hpp">
      <Filter>头文件</Filter>
    </ClInclude>
  </ItemGroup>
</Project>